# This file is autogenerated, do not edit; changes may be undone by the next 'dep ensure'.


[[projects]]
  digest = "1:b95738a1e6ace058b5b8544303c0871fc01d224ef0d672f778f696265d0f2917"
  name = "github.com/chzyer/readline"
  packages = ["."]
  pruneopts = "UT"
  revision = "62c6fe6193755f722b8b8788aa7357be55a50ff1"
  version = "v1.4"

[[projects]]
  branch = "master"
  digest = "1:59392ed8afb901aab4287d4894df8191722e34f3957716f4350c8c133ce99046"
  name = "github.com/hpcloud/tail"
  packages = [
    ".",
    "ratelimiter",
    "util",
    "watch",
    "winfile",
  ]
  pruneopts = "UT"
  revision = "a1dbeea552b7c8df4b542c66073e393de198a800"

[[projects]]
  digest = "1:13b913f297752cf0f236c0ab940d0ffaac64e5a97b7bb68c659a9f734bd32a89"
  name = "github.com/onsi/ginkgo"
  packages = [
    ".",
    "config",
    "extensions/table",
    "internal/codelocation",
    "internal/containernode",
    "internal/failer",
    "internal/leafnodes",
    "internal/remote",
    "internal/spec",
    "internal/spec_iterator",
    "internal/specrunner",
    "internal/suite",
    "internal/testingtproxy",
    "internal/writer",
    "reporters",
    "reporters/stenographer",
    "reporters/stenographer/support/go-colorable",
    "reporters/stenographer/support/go-isatty",
    "types",
  ]
  pruneopts = "UT"
  revision = "40598150331533e3cd497f21dcce387dae84b561"
  version = "v1.12.0"

[[projects]]
  digest = "1:d15ecb645bb996d9507493e42adc07badc8a5aeef371cdc19238c0f378845be1"
  name = "github.com/onsi/gomega"
  packages = [
    ".",
    "format",
    "internal/assertion",
    "internal/asyncassertion",
    "internal/oraclematcher",
    "internal/testingtsupport",
    "matchers",
    "matchers/support/goraph/bipartitegraph",
    "matchers/support/goraph/edge",
    "matchers/support/goraph/node",
    "matchers/support/goraph/util",
    "types",
  ]
  pruneopts = "UT"
  revision = "6be6c439588487cd908a3a700795660c2a16dfec"
  version = "v1.9.0"

[[projects]]
  branch = "master"
  digest = "1:beff0f3c3d8532dba31287e1bc903896c048f787c659d491a770af21da2c3d92"
  name = "github.com/yuin/gopher-lua"
  packages = [
    ".",
    "ast",
    "parse",
    "pm",
  ]
  pruneopts = "UT"
  revision = "ab39c6098bdba5b34ac9a025d375d4cf5bed4814"

[[projects]]
  branch = "master"
  digest = "1:8c294aabd4396170f5bcbb763d558e4c8d21ded4b2a1618dfb664e58a4fffeef"
  name = "golang.org/x/net"
  packages = [
    "html",
    "html/atom",
    "html/charset",
  ]
  pruneopts = "UT"
  revision = "d3edc9973b7eb1fb302b0ff2c62357091cea9a30"

[[projects]]
  branch = "master"
  digest = "1:7d9e0fca00623428d7d22eb5aceb40b7e44c5396d921282de33d83fd79dce51d"
  name = "golang.org/x/sys"
  packages = ["unix"]
  pruneopts = "UT"
  revision = "9dae0f8f577553e0f21298e18926efc9644c281d"

[[projects]]
  digest = "1:8a0baffd5559acaa560f854d7d525c02f4fec2d4f8a214398556fb661a10f6e0"
  name = "golang.org/x/text"
  packages = [
    "encoding",
    "encoding/charmap",
    "encoding/htmlindex",
    "encoding/internal",
    "encoding/internal/identifier",
    "encoding/japanese",
    "encoding/korean",
    "encoding/simplifiedchinese",
    "encoding/traditionalchinese",
    "encoding/unicode",
    "internal/gen",
    "internal/language",
    "internal/language/compact",
    "internal/tag",
    "internal/utf8internal",
    "language",
    "runes",
    "transform",
    "unicode/cldr",
  ]
  pruneopts = "UT"
  revision = "342b2e1fbaa52c93f31447ad2c6abc048c63e475"
  version = "v0.3.2"

[[projects]]
  branch = "master"
  digest = "1:918a46e4a2fb83df33f668f5a6bd51b2996775d073fce1800d3ec01b0a5ddd2b"
  name = "golang.org/x/xerrors"
  packages = [
    ".",
    "internal",
  ]
  pruneopts = "UT"
  revision = "9bdfabe68543c54f90421aeb9a60ef8061b5b544"

[[projects]]
  digest = "1:80057945464ffb5b0da1f026beb8df0e8dbd098eaf771a349291bed2cd29a83e"
  name = "gopkg.in/fsnotify/fsnotify.v1"
  packages = ["."]
  pruneopts = "UT"
  revision = "45d7d09e39ef4ac08d493309fa031790c15bfe8a"
  version = "v1.4.9"

[[projects]]
  digest = "1:3c839a777de0e6da035c9de900b60cbec463b0a89351192c1ea083eaf9e0fce0"
  name = "gopkg.in/tomb.v1"
  packages = ["."]
  pruneopts = "UT"
  revision = "c131134a1947e9afd9cecfe11f4c6dff0732ae58"

[[projects]]
  digest = "1:55b110c99c5fdc4f14930747326acce56b52cfce60b24b1c03ef686ac0e46bb1"
  name = "gopkg.in/yaml.v2"
  packages = ["."]
  pruneopts = "UT"
  revision = "53403b58ad1b561927d19068c655246f2db79d48"
  version = "v2.2.8"

[[projects]]
  digest = "1:cab7b8560ce75f40336dd7277d61148dbc6ca130edddf1c011936da28983464e"
  name = "layeh.com/gopher-luar"
  packages = ["."]
  pruneopts = "UT"
  revision = "16281577dff29557258daa8ca9bc9b2e05f451f2"

[solve-meta]
  analyzer-name = "dep"
  analyzer-version = 1
  input-imports = [
    "github.com/chzyer/readline",
    "github.com/onsi/ginkgo",
    "github.com/onsi/ginkgo/extensions/table",
    "github.com/onsi/gomega",
    "github.com/yuin/gopher-lua",
    "github.com/yuin/gopher-lua/parse",
    "layeh.com/gopher-luar",
  ]
  solver-name = "gps-cdcl"
  solver-version = 1
